<?xml version="1.0" encoding="utf-8"?>
<Project ToolsVersion="4.0" xmlns="http://schemas.microsoft.com/developer/msbuild/2003">
  <ItemGroup>
    <ClCompile Include="BlackBox.cpp" />
    <ClCompile Include="Boiler.cpp" />
    <ClCompile Include="Camera.cpp" />
    <ClCompile Include="Chimney.cpp" />
    <ClCompile Include="Config.cpp" />
    <ClCompile Include="Game.cpp" />
    <ClCompile Include="Circle.cpp" />
    <ClCompile Include="Cabin.cpp" />
    <ClCompile Include="Main.cpp" />
    <ClCompile Include="Group.cpp" />
    <ClCompile Include="Model.cpp" />
    <ClCompile Include="Primitive.cpp" />
    <ClCompile Include="Procedurals.cpp" />
    <ClCompile Include="ShaderProgram.cpp" />
    <ClCompile Include="Skybox.cpp" />
  </ItemGroup>
  <ItemGroup>
    <ClInclude Include="BlackBox.h" />
    <ClInclude Include="Boiler.h" />
    <ClInclude Include="Camera.h" />
    <ClInclude Include="Chimney.h" />
    <ClInclude Include="Config.h" />
    <ClInclude Include="Game.h" />
    <ClInclude Include="Group.h" />
    <ClInclude Include="Circle.h" />
    <ClInclude Include="Cabin.h" />
    <ClInclude Include="Model.h" />
    <ClInclude Include="Primitive.h" />
    <ClInclude Include="Procedurals.h" />
    <ClInclude Include="ShaderProgram.h" />
    <ClInclude Include="Skybox.h" />
    <ClInclude Include="Texture.h" />
    <ClInclude Include="Vertex.h" />
  </ItemGroup>
  <ItemGroup>
    <Image Include="iipw.png" />
    <Image Include="weiti.png" />
  </ItemGroup>
  <ItemGroup>
    <None Include="Light.Fragment" />
    <None Include="Light.Vertex" />
    <None Include="Shader.Fragment" />
    <None Include="Shader.Vertex" />
  </ItemGroup>
</Project>